// !$*UTF8*$!
{
	archiveVersion = 1;
	classes = {
	};
	objectVersion = 48;
	objects = {

/* Begin PBXBuildFile section */
		98719D7D1FF3CD4C0097753B /* detailViewController.swift in Sources */ = {isa = PBXBuildFile; fileRef = 98719D7C1FF3CD4C0097753B /* detailViewController.swift */; };
		988C2CBD1FCA898900BA8032 /* AppDelegate.swift in Sources */ = {isa = PBXBuildFile; fileRef = 988C2CBC1FCA898900BA8032 /* AppDelegate.swift */; };
		988C2CC41FCA898900BA8032 /* Assets.xcassets in Resources */ = {isa = PBXBuildFile; fileRef = 988C2CC31FCA898900BA8032 /* Assets.xcassets */; };
		988C2CC71FCA898900BA8032 /* LaunchScreen.storyboard in Resources */ = {isa = PBXBuildFile; fileRef = 988C2CC51FCA898900BA8032 /* LaunchScreen.storyboard */; };
		988C2CD21FCA898900BA8032 /* DailyDiaryTests.swift in Sources */ = {isa = PBXBuildFile; fileRef = 988C2CD11FCA898900BA8032 /* DailyDiaryTests.swift */; };
		988C2CDD1FCA898900BA8032 /* DailyDiaryUITests.swift in Sources */ = {isa = PBXBuildFile; fileRef = 988C2CDC1FCA898900BA8032 /* DailyDiaryUITests.swift */; };
		988C2CEE1FCA8ECA00BA8032 /* LoginViewController.swift in Sources */ = {isa = PBXBuildFile; fileRef = 988C2CED1FCA8ECA00BA8032 /* LoginViewController.swift */; };
		98AE5BC21FF2353B00C3CC5B /* AlamofireImage.framework in Frameworks */ = {isa = PBXBuildFile; fileRef = 98AE5BC11FF2353B00C3CC5B /* AlamofireImage.framework */; };
		98AE5BC31FF2353B00C3CC5B /* AlamofireImage.framework in Embed Frameworks */ = {isa = PBXBuildFile; fileRef = 98AE5BC11FF2353B00C3CC5B /* AlamofireImage.framework */; settings = {ATTRIBUTES = (CodeSignOnCopy, RemoveHeadersOnCopy, ); }; };
		98C366B31FE6AD1C007F04BE /* Main.storyboard in Resources */ = {isa = PBXBuildFile; fileRef = 98C366B21FE6AD1C007F04BE /* Main.storyboard */; };
		98C366B71FE6B59D007F04BE /* TableViewCell.swift in Sources */ = {isa = PBXBuildFile; fileRef = 98C366B61FE6B59D007F04BE /* TableViewCell.swift */; };
		98CBE6E91FE513E500C791B1 /* Alamofire.framework in Frameworks */ = {isa = PBXBuildFile; fileRef = 98CBE6E81FE513E500C791B1 /* Alamofire.framework */; };
		98CBE6EA1FE513E500C791B1 /* Alamofire.framework in Embed Frameworks */ = {isa = PBXBuildFile; fileRef = 98CBE6E81FE513E500C791B1 /* Alamofire.framework */; settings = {ATTRIBUTES = (CodeSignOnCopy, RemoveHeadersOnCopy, ); }; };
		98CBE6EF1FE659A100C791B1 /* SwiftyJSON.framework in Frameworks */ = {isa = PBXBuildFile; fileRef = 98CBE6EE1FE659A100C791B1 /* SwiftyJSON.framework */; };
		98CBE6F01FE659A100C791B1 /* SwiftyJSON.framework in Embed Frameworks */ = {isa = PBXBuildFile; fileRef = 98CBE6EE1FE659A100C791B1 /* SwiftyJSON.framework */; settings = {ATTRIBUTES = (CodeSignOnCopy, RemoveHeadersOnCopy, ); }; };
/* End PBXBuildFile section */

/* Begin PBXContainerItemProxy section */
		988C2CCE1FCA898900BA8032 /* PBXContainerItemProxy */ = {
			isa = PBXContainerItemProxy;
			containerPortal = 988C2CB11FCA898900BA8032 /* Project object */;
			proxyType = 1;
			remoteGlobalIDString = 988C2CB81FCA898900BA8032;
			remoteInfo = DailyDiary;
		};
		988C2CD91FCA898900BA8032 /* PBXContainerItemProxy */ = {
			isa = PBXContainerItemProxy;
			containerPortal = 988C2CB11FCA898900BA8032 /* Project object */;
			proxyType = 1;
			remoteGlobalIDString = 988C2CB81FCA898900BA8032;
			remoteInfo = DailyDiary;
		};
/* End PBXContainerItemProxy section */

/* Begin PBXCopyFilesBuildPhase section */
		98CBE6EB1FE513E500C791B1 /* Embed Frameworks */ = {
			isa = PBXCopyFilesBuildPhase;
			buildActionMask = 2147483647;
			dstPath = "";
			dstSubfolderSpec = 10;
			files = (
				98AE5BC31FF2353B00C3CC5B /* AlamofireImage.framework in Embed Frameworks */,
				98CBE6F01FE659A100C791B1 /* SwiftyJSON.framework in Embed Frameworks */,
				98CBE6EA1FE513E500C791B1 /* Alamofire.framework in Embed Frameworks */,
			);
			name = "Embed Frameworks";
			runOnlyForDeploymentPostprocessing = 0;
		};
/* End PBXCopyFilesBuildPhase section */

/* Begin PBXFileReference section */
		98719D7C1FF3CD4C0097753B /* detailViewController.swift */ = {isa = PBXFileReference; lastKnownFileType = sourcecode.swift; path = detailViewController.swift; sourceTree = "<group>"; };
		988C2CB91FCA898900BA8032 /* DailyDiary.app */ = {isa = PBXFileReference; explicitFileType = wrapper.application; includeInIndex = 0; path = DailyDiary.app; sourceTree = BUILT_PRODUCTS_DIR; };
		988C2CBC1FCA898900BA8032 /* AppDelegate.swift */ = {isa = PBXFileReference; lastKnownFileType = sourcecode.swift; path = AppDelegate.swift; sourceTree = "<group>"; };
		988C2CC31FCA898900BA8032 /* Assets.xcassets */ = {isa = PBXFileReference; lastKnownFileType = folder.assetcatalog; path = Assets.xcassets; sourceTree = "<group>"; };
		988C2CC61FCA898900BA8032 /* Base */ = {isa = PBXFileReference; lastKnownFileType = file.storyboard; name = Base; path = Base.lproj/LaunchScreen.storyboard; sourceTree = "<group>"; };
		988C2CC81FCA898900BA8032 /* Info.plist */ = {isa = PBXFileReference; lastKnownFileType = text.plist.xml; path = Info.plist; sourceTree = "<group>"; };
		988C2CCD1FCA898900BA8032 /* DailyDiaryTests.xctest */ = {isa = PBXFileReference; explicitFileType = wrapper.cfbundle; includeInIndex = 0; path = DailyDiaryTests.xctest; sourceTree = BUILT_PRODUCTS_DIR; };
		988C2CD11FCA898900BA8032 /* DailyDiaryTests.swift */ = {isa = PBXFileReference; lastKnownFileType = sourcecode.swift; path = DailyDiaryTests.swift; sourceTree = "<group>"; };
		988C2CD31FCA898900BA8032 /* Info.plist */ = {isa = PBXFileReference; lastKnownFileType = text.plist.xml; path = Info.plist; sourceTree = "<group>"; };
		988C2CD81FCA898900BA8032 /* DailyDiaryUITests.xctest */ = {isa = PBXFileReference; explicitFileType = wrapper.cfbundle; includeInIndex = 0; path = DailyDiaryUITests.xctest; sourceTree = BUILT_PRODUCTS_DIR; };
		988C2CDC1FCA898900BA8032 /* DailyDiaryUITests.swift */ = {isa = PBXFileReference; lastKnownFileType = sourcecode.swift; path = DailyDiaryUITests.swift; sourceTree = "<group>"; };
		988C2CDE1FCA898900BA8032 /* Info.plist */ = {isa = PBXFileReference; lastKnownFileType = text.plist.xml; path = Info.plist; sourceTree = "<group>"; };
		988C2CED1FCA8ECA00BA8032 /* LoginViewController.swift */ = {isa = PBXFileReference; lastKnownFileType = sourcecode.swift; path = LoginViewController.swift; sourceTree = "<group>"; };
		98AE5BC11FF2353B00C3CC5B /* AlamofireImage.framework */ = {isa = PBXFileReference; lastKnownFileType = wrapper.framework; name = AlamofireImage.framework; path = Carthage/Build/iOS/AlamofireImage.framework; sourceTree = "<group>"; };
		98C366B21FE6AD1C007F04BE /* Main.storyboard */ = {isa = PBXFileReference; lastKnownFileType = file.storyboard; path = Main.storyboard; sourceTree = "<group>"; };
		98C366B61FE6B59D007F04BE /* TableViewCell.swift */ = {isa = PBXFileReference; lastKnownFileType = sourcecode.swift; path = TableViewCell.swift; sourceTree = "<group>"; };
		98CBE6E81FE513E500C791B1 /* Alamofire.framework */ = {isa = PBXFileReference; lastKnownFileType = wrapper.framework; name = Alamofire.framework; path = Carthage/Build/iOS/Alamofire.framework; sourceTree = "<group>"; };
		98CBE6EE1FE659A100C791B1 /* SwiftyJSON.framework */ = {isa = PBXFileReference; lastKnownFileType = wrapper.framework; name = SwiftyJSON.framework; path = Carthage/Build/iOS/SwiftyJSON.framework; sourceTree = "<group>"; };
/* End PBXFileReference section */

/* Begin PBXFrameworksBuildPhase section */
		988C2CB61FCA898900BA8032 /* Frameworks */ = {
			isa = PBXFrameworksBuildPhase;
			buildActionMask = 2147483647;
			files = (
				98AE5BC21FF2353B00C3CC5B /* AlamofireImage.framework in Frameworks */,
				98CBE6EF1FE659A100C791B1 /* SwiftyJSON.framework in Frameworks */,
				98CBE6E91FE513E500C791B1 /* Alamofire.framework in Frameworks */,
			);
			runOnlyForDeploymentPostprocessing = 0;
		};
		988C2CCA1FCA898900BA8032 /* Frameworks */ = {
			isa = PBXFrameworksBuildPhase;
			buildActionMask = 2147483647;
			files = (
			);
			runOnlyForDeploymentPostprocessing = 0;
		};
		988C2CD51FCA898900BA8032 /* Frameworks */ = {
			isa = PBXFrameworksBuildPhase;
			buildActionMask = 2147483647;
			files = (
			);
			runOnlyForDeploymentPostprocessing = 0;
		};
/* End PBXFrameworksBuildPhase section */

/* Begin PBXGroup section */
		988C2CB01FCA898900BA8032 = {
			isa = PBXGroup;
			children = (
				98AE5BC11FF2353B00C3CC5B /* AlamofireImage.framework */,
				98CBE6EE1FE659A100C791B1 /* SwiftyJSON.framework */,
				98CBE6E81FE513E500C791B1 /* Alamofire.framework */,
				988C2CBB1FCA898900BA8032 /* DailyDiary */,
				988C2CD01FCA898900BA8032 /* DailyDiaryTests */,
				988C2CDB1FCA898900BA8032 /* DailyDiaryUITests */,
				988C2CBA1FCA898900BA8032 /* Products */,
			);
			sourceTree = "<group>";
		};
		988C2CBA1FCA898900BA8032 /* Products */ = {
			isa = PBXGroup;
			children = (
				988C2CB91FCA898900BA8032 /* DailyDiary.app */,
				988C2CCD1FCA898900BA8032 /* DailyDiaryTests.xctest */,
				988C2CD81FCA898900BA8032 /* DailyDiaryUITests.xctest */,
			);
			name = Products;
			sourceTree = "<group>";
		};
		988C2CBB1FCA898900BA8032 /* DailyDiary */ = {
			isa = PBXGroup;
			children = (
				988C2CEA1FCA8E6400BA8032 /* Login */,
				988C2CBC1FCA898900BA8032 /* AppDelegate.swift */,
				98C366B61FE6B59D007F04BE /* TableViewCell.swift */,
				98C366B21FE6AD1C007F04BE /* Main.storyboard */,
				98719D7C1FF3CD4C0097753B /* detailViewController.swift */,
				988C2CC31FCA898900BA8032 /* Assets.xcassets */,
				988C2CC51FCA898900BA8032 /* LaunchScreen.storyboard */,
				988C2CC81FCA898900BA8032 /* Info.plist */,
			);
			path = DailyDiary;
			sourceTree = "<group>";
		};
		988C2CD01FCA898900BA8032 /* DailyDiaryTests */ = {
			isa = PBXGroup;
			children = (
				988C2CD11FCA898900BA8032 /* DailyDiaryTests.swift */,
				988C2CD31FCA898900BA8032 /* Info.plist */,
			);
			path = DailyDiaryTests;
			sourceTree = "<group>";
		};
		988C2CDB1FCA898900BA8032 /* DailyDiaryUITests */ = {
			isa = PBXGroup;
			children = (
				988C2CDC1FCA898900BA8032 /* DailyDiaryUITests.swift */,
				988C2CDE1FCA898900BA8032 /* Info.plist */,
			);
			path = DailyDiaryUITests;
			sourceTree = "<group>";
		};
		988C2CEA1FCA8E6400BA8032 /* Login */ = {
			isa = PBXGroup;
			children = (
				988C2CED1FCA8ECA00BA8032 /* LoginViewController.swift */,
			);
			path = Login;
			sourceTree = "<group>";
		};
/* End PBXGroup section */

/* Begin PBXNativeTarget section */
		988C2CB81FCA898900BA8032 /* DailyDiary */ = {
			isa = PBXNativeTarget;
			buildConfigurationList = 988C2CE11FCA898900BA8032 /* Build configuration list for PBXNativeTarget "DailyDiary" */;
			buildPhases = (
				988C2CB51FCA898900BA8032 /* Sources */,
				988C2CB61FCA898900BA8032 /* Frameworks */,
				988C2CB71FCA898900BA8032 /* Resources */,
				98CBE6EB1FE513E500C791B1 /* Embed Frameworks */,
			);
			buildRules = (
			);
			dependencies = (
			);
			name = DailyDiary;
			productName = DailyDiary;
			productReference = 988C2CB91FCA898900BA8032 /* DailyDiary.app */;
			productType = "com.apple.product-type.application";
		};
		988C2CCC1FCA898900BA8032 /* DailyDiaryTests */ = {
			isa = PBXNativeTarget;
			buildConfigurationList = 988C2CE41FCA898900BA8032 /* Build configuration list for PBXNativeTarget "DailyDiaryTests" */;
			buildPhases = (
				988C2CC91FCA898900BA8032 /* Sources */,
				988C2CCA1FCA898900BA8032 /* Frameworks */,
				988C2CCB1FCA898900BA8032 /* Resources */,
			);
			buildRules = (
			);
			dependencies = (
				988C2CCF1FCA898900BA8032 /* PBXTargetDependency */,
			);
			name = DailyDiaryTests;
			productName = DailyDiaryTests;
			productReference = 988C2CCD1FCA898900BA8032 /* DailyDiaryTests.xctest */;
			productType = "com.apple.product-type.bundle.unit-test";
		};
		988C2CD71FCA898900BA8032 /* DailyDiaryUITests */ = {
			isa = PBXNativeTarget;
			buildConfigurationList = 988C2CE71FCA898900BA8032 /* Build configuration list for PBXNativeTarget "DailyDiaryUITests" */;
			buildPhases = (
				988C2CD41FCA898900BA8032 /* Sources */,
				988C2CD51FCA898900BA8032 /* Frameworks */,
				988C2CD61FCA898900BA8032 /* Resources */,
			);
			buildRules = (
			);
			dependencies = (
				988C2CDA1FCA898900BA8032 /* PBXTargetDependency */,
			);
			name = DailyDiaryUITests;
			productName = DailyDiaryUITests;
			productReference = 988C2CD81FCA898900BA8032 /* DailyDiaryUITests.xctest */;
			productType = "com.apple.product-type.bundle.ui-testing";
		};
/* End PBXNativeTarget section */

/* Begin PBXProject section */
		988C2CB11FCA898900BA8032 /* Project object */ = {
			isa = PBXProject;
			attributes = {
				LastSwiftUpdateCheck = 0910;
				LastUpgradeCheck = 0910;
				ORGANIZATIONNAME = sutie;
				TargetAttributes = {
					988C2CB81FCA898900BA8032 = {
						CreatedOnToolsVersion = 9.1;
						ProvisioningStyle = Automatic;
					};
					988C2CCC1FCA898900BA8032 = {
						CreatedOnToolsVersion = 9.1;
						ProvisioningStyle = Automatic;
						TestTargetID = 988C2CB81FCA898900BA8032;
					};
					988C2CD71FCA898900BA8032 = {
						CreatedOnToolsVersion = 9.1;
						ProvisioningStyle = Automatic;
						TestTargetID = 988C2CB81FCA898900BA8032;
					};
				};
			};
			buildConfigurationList = 988C2CB41FCA898900BA8032 /* Build configuration list for PBXProject "DailyDiary" */;
			compatibilityVersion = "Xcode 8.0";
			developmentRegion = en;
			hasScannedForEncodings = 0;
			knownRegions = (
				en,
				Base,
			);
			mainGroup = 988C2CB01FCA898900BA8032;
			productRefGroup = 988C2CBA1FCA898900BA8032 /* Products */;
			projectDirPath = "";
			projectRoot = "";
			targets = (
				988C2CB81FCA898900BA8032 /* DailyDiary */,
				988C2CCC1FCA898900BA8032 /* DailyDiaryTests */,
				988C2CD71FCA898900BA8032 /* DailyDiaryUITests */,
			);
		};
/* End PBXProject section */

/* Begin PBXResourcesBuildPhase section */
		988C2CB71FCA898900BA8032 /* Resources */ = {
			isa = PBXResourcesBuildPhase;
			buildActionMask = 2147483647;
			files = (
				98C366B31FE6AD1C007F04BE /* Main.storyboard in Resources */,
				988C2CC71FCA898900BA8032 /* LaunchScreen.storyboard in Resources */,
				988C2CC41FCA898900BA8032 /* Assets.xcassets in Resources */,
			);
			runOnlyForDeploymentPostprocessing = 0;
		};
		988C2CCB1FCA898900BA8032 /* Resources */ = {
			isa = PBXResourcesBuildPhase;
			buildActionMask = 2147483647;
			files = (
			);
			runOnlyForDeploymentPostprocessing = 0;
		};
		988C2CD61FCA898900BA8032 /* Resources */ = {
			isa = PBXResourcesBuildPhase;
			buildActionMask = 2147483647;
			files = (
			);
			runOnlyForDeploymentPostprocessing = 0;
		};
/* End PBXResourcesBuildPhase section */

/* Begin PBXSourcesBuildPhase section */
		988C2CB51FCA898900BA8032 /* Sources */ = {
			isa = PBXSourcesBuildPhase;
			buildActionMask = 2147483647;
			files = (
				98C366B71FE6B59D007F04BE /* TableViewCell.swift in Sources */,
				98719D7D1FF3CD4C0097753B /* detailViewController.swift in Sources */,
				988C2CEE1FCA8ECA00BA8032 /* LoginViewController.swift in Sources */,
				988C2CBD1FCA898900BA8032 /* AppDelegate.swift in Sources */,
			);
			runOnlyForDeploymentPostprocessing = 0;
		};
		988C2CC91FCA898900BA8032 /* Sources */ = {
			isa = PBXSourcesBuildPhase;
			buildActionMask = 2147483647;
			files = (
				988C2CD21FCA898900BA8032 /* DailyDiaryTests.swift in Sources */,
			);
			runOnlyForDeploymentPostprocessing = 0;
		};
		988C2CD41FCA898900BA8032 /* Sources */ = {
			isa = PBXSourcesBuildPhase;
			buildActionMask = 2147483647;
			files = (
				988C2CDD1FCA898900BA8032 /* DailyDiaryUITests.swift in Sources */,
			);
			runOnlyForDeploymentPostprocessing = 0;
		};
/* End PBXSourcesBuildPhase section */

/* Begin PBXTargetDependency section */
		988C2CCF1FCA898900BA8032 /* PBXTargetDependency */ = {
			isa = PBXTargetDependency;
			target = 988C2CB81FCA898900BA8032 /* DailyDiary */;
			targetProxy = 988C2CCE1FCA898900BA8032 /* PBXContainerItemProxy */;
		};
		988C2CDA1FCA898900BA8032 /* PBXTargetDependency */ = {
			isa = PBXTargetDependency;
			target = 988C2CB81FCA898900BA8032 /* DailyDiary */;
			targetProxy = 988C2CD91FCA898900BA8032 /* PBXContainerItemProxy */;
		};
/* End PBXTargetDependency section */

/* Begin PBXVariantGroup section */
		988C2CC51FCA898900BA8032 /* LaunchScreen.storyboard */ = {
			isa = PBXVariantGroup;
			children = (
				988C2CC61FCA898900BA8032 /* Base */,
			);
			name = LaunchScreen.storyboard;
			sourceTree = "<group>";
		};
/* End PBXVariantGroup section */

/* Begin XCBuildConfiguration section */
		988C2CDF1FCA898900BA8032 /* Debug */ = {
			isa = XCBuildConfiguration;
			buildSettings = {
				ALWAYS_SEARCH_USER_PATHS = NO;
				CLANG_ANALYZER_NONNULL = YES;
				CLANG_ANALYZER_NUMBER_OBJECT_CONVERSION = YES_AGGRESSIVE;
				CLANG_CXX_LANGUAGE_STANDARD = "gnu++14";
				CLANG_CXX_LIBRARY = "libc++";
				CLANG_ENABLE_MODULES = YES;
				CLANG_ENABLE_OBJC_ARC = YES;
				CLANG_WARN_BLOCK_CAPTURE_AUTORELEASING = YES;
				CLANG_WARN_BOOL_CONVERSION = YES;
				CLANG_WARN_COMMA = YES;
				CLANG_WARN_CONSTANT_CONVERSION = YES;
				CLANG_WARN_DIRECT_OBJC_ISA_USAGE = YES_ERROR;
				CLANG_WARN_DOCUMENTATION_COMMENTS = YES;
				CLANG_WARN_EMPTY_BODY = YES;
				CLANG_WARN_ENUM_CONVERSION = YES;
				CLANG_WARN_INFINITE_RECURSION = YES;
				CLANG_WARN_INT_CONVERSION = YES;
				CLANG_WARN_NON_LITERAL_NULL_CONVERSION = YES;
				CLANG_WARN_OBJC_LITERAL_CONVERSION = YES;
				CLANG_WARN_OBJC_ROOT_CLASS = YES_ERROR;
				CLANG_WARN_RANGE_LOOP_ANALYSIS = YES;
				CLANG_WARN_STRICT_PROTOTYPES = YES;
				CLANG_WARN_SUSPICIOUS_MOVE = YES;
				CLANG_WARN_UNGUARDED_AVAILABILITY = YES_AGGRESSIVE;
				CLANG_WARN_UNREACHABLE_CODE = YES;
				CLANG_WARN__DUPLICATE_METHOD_MATCH = YES;
				CODE_SIGN_IDENTITY = "iPhone Developer";
				COPY_PHASE_STRIP = NO;
				DEBUG_INFORMATION_FORMAT = dwarf;
				ENABLE_STRICT_OBJC_MSGSEND = YES;
				ENABLE_TESTABILITY = YES;
				GCC_C_LANGUAGE_STANDARD = gnu11;
				GCC_DYNAMIC_NO_PIC = NO;
				GCC_NO_COMMON_BLOCKS = YES;
				GCC_OPTIMIZATION_LEVEL = 0;
				GCC_PREPROCESSOR_DEFINITIONS = (
					"DEBUG=1",
					"$(inherited)",
				);
				GCC_WARN_64_TO_32_BIT_CONVERSION = YES;
				GCC_WARN_ABOUT_RETURN_TYPE = YES_ERROR;
				GCC_WARN_UNDECLARED_SELECTOR = YES;
				GCC_WARN_UNINITIALIZED_AUTOS = YES_AGGRESSIVE;
				GCC_WARN_UNUSED_FUNCTION = YES;
				GCC_WARN_UNUSED_VARIABLE = YES;
				IPHONEOS_DEPLOYMENT_TARGET = 11.1;
				MTL_ENABLE_DEBUG_INFO = YES;
				ONLY_ACTIVE_ARCH = YES;
				SDKROOT = iphoneos;
				SWIFT_ACTIVE_COMPILATION_CONDITIONS = DEBUG;
				SWIFT_OPTIMIZATION_LEVEL = "-Onone";
			};
			name = Debug;
		};
		988C2CE01FCA898900BA8032 /* Release */ = {
			isa = XCBuildConfiguration;
			buildSettings = {
				ALWAYS_SEARCH_USER_PATHS = NO;
				CLANG_ANALYZER_NONNULL = YES;
				CLANG_ANALYZER_NUMBER_OBJECT_CONVERSION = YES_AGGRESSIVE;
				CLANG_CXX_LANGUAGE_STANDARD = "gnu++14";
				CLANG_CXX_LIBRARY = "libc++";
				CLANG_ENABLE_MODULES = YES;
				CLANG_ENABLE_OBJC_ARC = YES;
				CLANG_WARN_BLOCK_CAPTURE_AUTORELEASING = YES;
				CLANG_WARN_BOOL_CONVERSION = YES;
				CLANG_WARN_COMMA = YES;
				CLANG_WARN_CONSTANT_CONVERSION = YES;
				CLANG_WARN_DIRECT_OBJC_ISA_USAGE = YES_ERROR;
				CLANG_WARN_DOCUMENTATION_COMMENTS = YES;
				CLANG_WARN_EMPTY_BODY = YES;
				CLANG_WARN_ENUM_CONVERSION = YES;
				CLANG_WARN_INFINITE_RECURSION = YES;
				CLANG_WARN_INT_CONVERSION = YES;
				CLANG_WARN_NON_LITERAL_NULL_CONVERSION = YES;
				CLANG_WARN_OBJC_LITERAL_CONVERSION = YES;
				CLANG_WARN_OBJC_ROOT_CLASS = YES_ERROR;
				CLANG_WARN_RANGE_LOOP_ANALYSIS = YES;
				CLANG_WARN_STRICT_PROTOTYPES = YES;
				CLANG_WARN_SUSPICIOUS_MOVE = YES;
				CLANG_WARN_UNGUARDED_AVAILABILITY = YES_AGGRESSIVE;
				CLANG_WARN_UNREACHABLE_CODE = YES;
				CLANG_WARN__DUPLICATE_METHOD_MATCH = YES;
				CODE_SIGN_IDENTITY = "iPhone Developer";
				COPY_PHASE_STRIP = NO;
				DEBUG_INFORMATION_FORMAT = "dwarf-with-dsym";
				ENABLE_NS_ASSERTIONS = NO;
				ENABLE_STRICT_OBJC_MSGSEND = YES;
				GCC_C_LANGUAGE_STANDARD = gnu11;
				GCC_NO_COMMON_BLOCKS = YES;
				GCC_WARN_64_TO_32_BIT_CONVERSION = YES;
				GCC_WARN_ABOUT_RETURN_TYPE = YES_ERROR;
				GCC_WARN_UNDECLARED_SELECTOR = YES;
				GCC_WARN_UNINITIALIZED_AUTOS = YES_AGGRESSIVE;
				GCC_WARN_UNUSED_FUNCTION = YES;
				GCC_WARN_UNUSED_VARIABLE = YES;
				IPHONEOS_DEPLOYMENT_TARGET = 11.1;
				MTL_ENABLE_DEBUG_INFO = NO;
				SDKROOT = iphoneos;
				SWIFT_OPTIMIZATION_LEVEL = "-Owholemodule";
				VALIDATE_PRODUCT = YES;
			};
			name = Release;
		};
		988C2CE21FCA898900BA8032 /* Debug */ = {
			isa = XCBuildConfiguration;
			buildSettings = {
				ASSETCATALOG_COMPILER_APPICON_NAME = AppIcon;
				CODE_SIGN_STYLE = Automatic;
				FRAMEWORK_SEARCH_PATHS = (
					"$(inherited)",
					"$(PROJECT_DIR)/Carthage/Build/iOS",
				);
				INFOPLIST_FILE = DailyDiary/Info.plist;
				LD_RUNPATH_SEARCH_PATHS = "$(inherited) @executable_path/Frameworks";
				PRODUCT_BUNDLE_IDENTIFIER = DailyDiary.DailyDiary;
				PRODUCT_NAME = "$(TARGET_NAME)";
				SWIFT_VERSION = 4.0;
				TARGETED_DEVICE_FAMILY = "1,2";
			};
			name = Debug;
		};
		988C2CE31FCA898900BA8032 /* Release */ = {
			isa = XCBuildConfiguration;
			buildSettings = {
				ASSETCATALOG_COMPILER_APPICON_NAME = AppIcon;
				CODE_SIGN_STYLE = Automatic;
				FRAMEWORK_SEARCH_PATHS = (
					"$(inherited)",
					"$(PROJECT_DIR)/Carthage/Build/iOS",
				);
				INFOPLIST_FILE = DailyDiary/Info.plist;
				LD_RUNPATH_SEARCH_PATHS = "$(inherited) @executable_path/Frameworks";
				PRODUCT_BUNDLE_IDENTIFIER = DailyDiary.DailyDiary;
				PRODUCT_NAME = "$(TARGET_NAME)";
				SWIFT_VERSION = 4.0;
				TARGETED_DEVICE_FAMILY = "1,2";
			};
			name = Release;
		};
		988C2CE51FCA898900BA8032 /* Debug */ = {
			isa = XCBuildConfiguration;
			buildSettings = {
				ALWAYS_EMBED_SWIFT_STANDARD_LIBRARIES = YES;
				BUNDLE_LOADER = "$(TEST_HOST)";
				CODE_SIGN_STYLE = Automatic;
				INFOPLIST_FILE = DailyDiaryTests/Info.plist;
				LD_RUNPATH_SEARCH_PATHS = "$(inherited) @executable_path/Frameworks @loader_path/Frameworks";
				PRODUCT_BUNDLE_IDENTIFIER = DailyDiary.DailyDiaryTests;
				PRODUCT_NAME = "$(TARGET_NAME)";
				SWIFT_VERSION = 4.0;
				TARGETED_DEVICE_FAMILY = "1,2";
				TEST_HOST = "$(BUILT_PRODUCTS_DIR)/DailyDiary.app/DailyDiary";
			};
			name = Debug;
		};
		988C2CE61FCA898900BA8032 /* Release */ = {
			isa = XCBuildConfiguration;
			buildSettings = {
				ALWAYS_EMBED_SWIFT_STANDARD_LIBRARIES = YES;
				BUNDLE_LOADER = "$(TEST_HOST)";
				CODE_SIGN_STYLE = Automatic;
				INFOPLIST_FILE = DailyDiaryTests/Info.plist;
				LD_RUNPATH_SEARCH_PATHS = "$(inherited) @executable_path/Frameworks @loader_path/Frameworks";
				PRODUCT_BUNDLE_IDENTIFIER = DailyDiary.DailyDiaryTests;
				PRODUCT_NAME = "$(TARGET_NAME)";
				SWIFT_VERSION = 4.0;
				TARGETED_DEVICE_FAMILY = "1,2";
				TEST_HOST = "$(BUILT_PRODUCTS_DIR)/DailyDiary.app/DailyDiary";
			};
			name = Release;
		};
		988C2CE81FCA898900BA8032 /* Debug */ = {
			isa = XCBuildConfiguration;
			buildSettings = {
				ALWAYS_EMBED_SWIFT_STANDARD_LIBRARIES = YES;
				CODE_SIGN_STYLE = Automatic;
				INFOPLIST_FILE = DailyDiaryUITests/Info.plist;
				LD_RUNPATH_SEARCH_PATHS = "$(inherited) @executable_path/Frameworks @loader_path/Frameworks";
				PRODUCT_BUNDLE_IDENTIFIER = DailyDiary.DailyDiaryUITests;
				PRODUCT_NAME = "$(TARGET_NAME)";
				SWIFT_VERSION = 4.0;
				TARGETED_DEVICE_FAMILY = "1,2";
				TEST_TARGET_NAME = DailyDiary;
			};
			name = Debug;
		};
		988C2CE91FCA898900BA8032 /* Release */ = {
			isa = XCBuildConfiguration;
			buildSettings = {
				ALWAYS_EMBED_SWIFT_STANDARD_LIBRARIES = YES;
				CODE_SIGN_STYLE = Automatic;
				INFOPLIST_FILE = DailyDiaryUITests/Info.plist;
				LD_RUNPATH_SEARCH_PATHS = "$(inherited) @executable_path/Frameworks @loader_path/Frameworks";
				PRODUCT_BUNDLE_IDENTIFIER = DailyDiary.DailyDiaryUITests;
				PRODUCT_NAME = "$(TARGET_NAME)";
				SWIFT_VERSION = 4.0;
				TARGETED_DEVICE_FAMILY = "1,2";
				TEST_TARGET_NAME = DailyDiary;
			};
			name = Release;
		};
/* End XCBuildConfiguration section */

/* Begin XCConfigurationList section */
		988C2CB41FCA898900BA8032 /* Build configuration list for PBXProject "DailyDiary" */ = {
			isa = XCConfigurationList;
			buildConfigurations = (
				988C2CDF1FCA898900BA8032 /* Debug */,
				988C2CE01FCA898900BA8032 /* Release */,
			);
			defaultConfigurationIsVisible = 0;
			defaultConfigurationName = Release;
		};
		988C2CE11FCA898900BA8032 /* Build configuration list for PBXNativeTarget "DailyDiary" */ = {
			isa = XCConfigurationList;
			buildConfigurations = (
				988C2CE21FCA898900BA8032 /* Debug */,
				988C2CE31FCA898900BA8032 /* Release */,
			);
			defaultConfigurationIsVisible = 0;
			defaultConfigurationName = Release;
		};
		988C2CE41FCA898900BA8032 /* Build configuration list for PBXNativeTarget "DailyDiaryTests" */ = {
			isa = XCConfigurationList;
			buildConfigurations = (
				988C2CE51FCA898900BA8032 /* Debug */,
				988C2CE61FCA898900BA8032 /* Release */,
			);
			defaultConfigurationIsVisible = 0;
			defaultConfigurationName = Release;
		};
		988C2CE71FCA898900BA8032 /* Build configuration list for PBXNativeTarget "DailyDiaryUITests" */ = {
			isa = XCConfigurationList;
			buildConfigurations = (
				988C2CE81FCA898900BA8032 /* Debug */,
				988C2CE91FCA898900BA8032 /* Release */,
			);
			defaultConfigurationIsVisible = 0;
			defaultConfigurationName = Release;
		};
/* End XCConfigurationList section */
	};
	rootObject = 988C2CB11FCA898900BA8032 /* Project object */;
}
